
Microsoft Visual Studio Solution File, Format Version 12.00
# Visual Studio Version 17
VisualStudioVersion = 17.11.35208.52
MinimumVisualStudioVersion = 10.0.40219.1
Project("{9A19103F-16F7-4668-BE54-9A1E7A4F7556}") = "Calculatrice", "TP1_Partie2\Calculatrice.csproj", "{E87E4766-C0AA-45B2-8AF5-75DFD2F33CDA}"
EndProject
Global
	GlobalSection(SolutionConfigurationPlatforms) = preSolution
		Debug|Any CPU = Debug|Any CPU
		Release|Any CPU = Release|Any CPU
	EndGlobalSection
	GlobalSection(ProjectConfigurationPlatforms) = postSolution
		{E87E4766-C0AA-45B2-8AF5-75DFD2F33CDA}.Debug|Any CPU.ActiveCfg = Debug|Any CPU
		{E87E4766-C0AA-45B2-8AF5-75DFD2F33CDA}.Debug|Any CPU.Build.0 = Debug|Any CPU
		{E87E4766-C0AA-45B2-8AF5-75DFD2F33CDA}.Release|Any CPU.ActiveCfg = Release|Any CPU
		{E87E4766-C0AA-45B2-8AF5-75DFD2F33CDA}.Release|Any CPU.Build.0 = Release|Any CPU
	EndGlobalSection
	GlobalSection(SolutionProperties) = preSolution
		HideSolutionNode = FALSE
	EndGlobalSection
	GlobalSection(ExtensibilityGlobals) = postSolution
		SolutionGuid = {DD128658-B3F2-4DFF-A7B8-65FF3103A879}
	EndGlobalSection
EndGlobal
