
Microsoft Visual Studio Solution File, Format Version 12.00
# Visual Studio Version 17
VisualStudioVersion = 17.11.35327.3
MinimumVisualStudioVersion = 10.0.40219.1
Project("{FAE04EC0-301F-11D3-BF4B-00C04F79EFBC}") = "ComposantCalcul", "ComposantCalcul\ComposantCalcul.csproj", "{06B1AEF9-C11F-4B7D-89BD-33C1B7E12185}"
EndProject
Project("{FAE04EC0-301F-11D3-BF4B-00C04F79EFBC}") = "CalculArithmetic", "CalculArithmetic\CalculArithmetic.csproj", "{7C2A4E45-E075-4084-8E95-A898F5593BF0}"
EndProject
Project("{FAE04EC0-301F-11D3-BF4B-00C04F79EFBC}") = "CalculScientific", "CalculScientific\CalculScientific.csproj", "{B3E251F5-5611-46DD-B034-E1F7D10643DE}"
EndProject
Project("{FAE04EC0-301F-11D3-BF4B-00C04F79EFBC}") = "TestComposants", "TestComposants\TestComposants.csproj", "{5C28EACE-125D-45F0-BD80-F04A37A64669}"
EndProject
Project("{FAE04EC0-301F-11D3-BF4B-00C04F79EFBC}") = "TestingWithDLL", "TestingWithDLL\TestingWithDLL.csproj", "{DC740A71-BC79-4097-855A-04B0A079D40F}"
EndProject
Global
	GlobalSection(SolutionConfigurationPlatforms) = preSolution
		Debug|Any CPU = Debug|Any CPU
		Release|Any CPU = Release|Any CPU
	EndGlobalSection
	GlobalSection(ProjectConfigurationPlatforms) = postSolution
		{06B1AEF9-C11F-4B7D-89BD-33C1B7E12185}.Debug|Any CPU.ActiveCfg = Debug|Any CPU
		{06B1AEF9-C11F-4B7D-89BD-33C1B7E12185}.Debug|Any CPU.Build.0 = Debug|Any CPU
		{06B1AEF9-C11F-4B7D-89BD-33C1B7E12185}.Release|Any CPU.ActiveCfg = Release|Any CPU
		{06B1AEF9-C11F-4B7D-89BD-33C1B7E12185}.Release|Any CPU.Build.0 = Release|Any CPU
		{7C2A4E45-E075-4084-8E95-A898F5593BF0}.Debug|Any CPU.ActiveCfg = Debug|Any CPU
		{7C2A4E45-E075-4084-8E95-A898F5593BF0}.Debug|Any CPU.Build.0 = Debug|Any CPU
		{7C2A4E45-E075-4084-8E95-A898F5593BF0}.Release|Any CPU.ActiveCfg = Release|Any CPU
		{7C2A4E45-E075-4084-8E95-A898F5593BF0}.Release|Any CPU.Build.0 = Release|Any CPU
		{B3E251F5-5611-46DD-B034-E1F7D10643DE}.Debug|Any CPU.ActiveCfg = Debug|Any CPU
		{B3E251F5-5611-46DD-B034-E1F7D10643DE}.Debug|Any CPU.Build.0 = Debug|Any CPU
		{B3E251F5-5611-46DD-B034-E1F7D10643DE}.Release|Any CPU.ActiveCfg = Release|Any CPU
		{B3E251F5-5611-46DD-B034-E1F7D10643DE}.Release|Any CPU.Build.0 = Release|Any CPU
		{5C28EACE-125D-45F0-BD80-F04A37A64669}.Debug|Any CPU.ActiveCfg = Debug|Any CPU
		{5C28EACE-125D-45F0-BD80-F04A37A64669}.Debug|Any CPU.Build.0 = Debug|Any CPU
		{5C28EACE-125D-45F0-BD80-F04A37A64669}.Release|Any CPU.ActiveCfg = Release|Any CPU
		{5C28EACE-125D-45F0-BD80-F04A37A64669}.Release|Any CPU.Build.0 = Release|Any CPU
		{DC740A71-BC79-4097-855A-04B0A079D40F}.Debug|Any CPU.ActiveCfg = Debug|Any CPU
		{DC740A71-BC79-4097-855A-04B0A079D40F}.Debug|Any CPU.Build.0 = Debug|Any CPU
		{DC740A71-BC79-4097-855A-04B0A079D40F}.Release|Any CPU.ActiveCfg = Release|Any CPU
		{DC740A71-BC79-4097-855A-04B0A079D40F}.Release|Any CPU.Build.0 = Release|Any CPU
	EndGlobalSection
	GlobalSection(SolutionProperties) = preSolution
		HideSolutionNode = FALSE
	EndGlobalSection
	GlobalSection(ExtensibilityGlobals) = postSolution
		SolutionGuid = {601E22B4-2C30-472A-A5AF-75F1F53E0287}
	EndGlobalSection
EndGlobal
