
Microsoft Visual Studio Solution File, Format Version 12.00
# Visual Studio Version 17
VisualStudioVersion = 17.11.35208.52
MinimumVisualStudioVersion = 10.0.40219.1
Project("{9A19103F-16F7-4668-BE54-9A1E7A4F7556}") = "Serveur", "Serveur\Serveur.csproj", "{F5B2F485-7930-4685-A68A-D6BBE9CA19B5}"
EndProject
Project("{9A19103F-16F7-4668-BE54-9A1E7A4F7556}") = "Client", "..\Client\Client\Client.csproj", "{C23F583E-CA58-45B9-A8AD-3186EF476971}"
EndProject
Global
	GlobalSection(SolutionConfigurationPlatforms) = preSolution
		Debug|Any CPU = Debug|Any CPU
		Release|Any CPU = Release|Any CPU
	EndGlobalSection
	GlobalSection(ProjectConfigurationPlatforms) = postSolution
		{F5B2F485-7930-4685-A68A-D6BBE9CA19B5}.Debug|Any CPU.ActiveCfg = Debug|Any CPU
		{F5B2F485-7930-4685-A68A-D6BBE9CA19B5}.Debug|Any CPU.Build.0 = Debug|Any CPU
		{F5B2F485-7930-4685-A68A-D6BBE9CA19B5}.Release|Any CPU.ActiveCfg = Release|Any CPU
		{F5B2F485-7930-4685-A68A-D6BBE9CA19B5}.Release|Any CPU.Build.0 = Release|Any CPU
		{C23F583E-CA58-45B9-A8AD-3186EF476971}.Debug|Any CPU.ActiveCfg = Debug|Any CPU
		{C23F583E-CA58-45B9-A8AD-3186EF476971}.Debug|Any CPU.Build.0 = Debug|Any CPU
		{C23F583E-CA58-45B9-A8AD-3186EF476971}.Release|Any CPU.ActiveCfg = Release|Any CPU
		{C23F583E-CA58-45B9-A8AD-3186EF476971}.Release|Any CPU.Build.0 = Release|Any CPU
	EndGlobalSection
	GlobalSection(SolutionProperties) = preSolution
		HideSolutionNode = FALSE
	EndGlobalSection
	GlobalSection(ExtensibilityGlobals) = postSolution
		SolutionGuid = {AA7DF1A3-D694-49D6-9670-D7A6B8D70668}
	EndGlobalSection
EndGlobal
