
Microsoft Visual Studio Solution File, Format Version 12.00
# Visual Studio Version 17
VisualStudioVersion = 17.11.35327.3
MinimumVisualStudioVersion = 10.0.40219.1
Project("{FAE04EC0-301F-11D3-BF4B-00C04F79EFBC}") = "RemotingInterfaces", "RemotingInterfaces\RemotingInterfaces.csproj", "{E198A28E-4DEB-424D-ABD2-B52475B2B423}"
EndProject
Project("{FAE04EC0-301F-11D3-BF4B-00C04F79EFBC}") = "RemotingServeur", "RemotingServeur\RemotingServeur.csproj", "{04857D3C-D26F-4A2E-BAF6-ED990E796281}"
EndProject
Project("{FAE04EC0-301F-11D3-BF4B-00C04F79EFBC}") = "RemotingClient", "RemotingClient\RemotingClient.csproj", "{EF3ED8BD-6B7A-4DBB-97BA-7794F53A338D}"
EndProject
Global
	GlobalSection(SolutionConfigurationPlatforms) = preSolution
		Debug|Any CPU = Debug|Any CPU
		Release|Any CPU = Release|Any CPU
	EndGlobalSection
	GlobalSection(ProjectConfigurationPlatforms) = postSolution
		{E198A28E-4DEB-424D-ABD2-B52475B2B423}.Debug|Any CPU.ActiveCfg = Debug|Any CPU
		{E198A28E-4DEB-424D-ABD2-B52475B2B423}.Debug|Any CPU.Build.0 = Debug|Any CPU
		{E198A28E-4DEB-424D-ABD2-B52475B2B423}.Release|Any CPU.ActiveCfg = Release|Any CPU
		{E198A28E-4DEB-424D-ABD2-B52475B2B423}.Release|Any CPU.Build.0 = Release|Any CPU
		{04857D3C-D26F-4A2E-BAF6-ED990E796281}.Debug|Any CPU.ActiveCfg = Debug|Any CPU
		{04857D3C-D26F-4A2E-BAF6-ED990E796281}.Debug|Any CPU.Build.0 = Debug|Any CPU
		{04857D3C-D26F-4A2E-BAF6-ED990E796281}.Release|Any CPU.ActiveCfg = Release|Any CPU
		{04857D3C-D26F-4A2E-BAF6-ED990E796281}.Release|Any CPU.Build.0 = Release|Any CPU
		{EF3ED8BD-6B7A-4DBB-97BA-7794F53A338D}.Debug|Any CPU.ActiveCfg = Debug|Any CPU
		{EF3ED8BD-6B7A-4DBB-97BA-7794F53A338D}.Debug|Any CPU.Build.0 = Debug|Any CPU
		{EF3ED8BD-6B7A-4DBB-97BA-7794F53A338D}.Release|Any CPU.ActiveCfg = Release|Any CPU
		{EF3ED8BD-6B7A-4DBB-97BA-7794F53A338D}.Release|Any CPU.Build.0 = Release|Any CPU
	EndGlobalSection
	GlobalSection(SolutionProperties) = preSolution
		HideSolutionNode = FALSE
	EndGlobalSection
	GlobalSection(ExtensibilityGlobals) = postSolution
		SolutionGuid = {C32F3CE9-4F20-48AE-9E71-CD78F0CE173F}
	EndGlobalSection
EndGlobal
